// !$*UTF8*$!
{
	archiveVersion = 1;
	classes = {
	};
	objectVersion = 56;
	objects = {

/* Begin PBXBuildFile section */
		7B0341A42A28087C00DFF6FB /* AppDelegate.swift in Sources */ = {isa = PBXBuildFile; fileRef = 7B0341A32A28087C00DFF6FB /* AppDelegate.swift */; };
		7B0341A62A28087C00DFF6FB /* SceneDelegate.swift in Sources */ = {isa = PBXBuildFile; fileRef = 7B0341A52A28087C00DFF6FB /* SceneDelegate.swift */; };
		7B0341AB2A28087C00DFF6FB /* Main.storyboard in Resources */ = {isa = PBXBuildFile; fileRef = 7B0341A92A28087C00DFF6FB /* Main.storyboard */; };
		7B0341AD2A28087E00DFF6FB /* Assets.xcassets in Resources */ = {isa = PBXBuildFile; fileRef = 7B0341AC2A28087E00DFF6FB /* Assets.xcassets */; };
		7B0341B02A28087E00DFF6FB /* LaunchScreen.storyboard in Resources */ = {isa = PBXBuildFile; fileRef = 7B0341AE2A28087E00DFF6FB /* LaunchScreen.storyboard */; };
		7B0341B82A28096600DFF6FB /* MainScreenVC.swift in Sources */ = {isa = PBXBuildFile; fileRef = 7B0341B72A28096600DFF6FB /* MainScreenVC.swift */; };
		7B2FB71E2A45D0310047DBF5 /* HpVC.swift in Sources */ = {isa = PBXBuildFile; fileRef = 7B2FB71D2A45D0310047DBF5 /* HpVC.swift */; };
		7B3348792A39E522000CCD53 /* AgilityVC.swift in Sources */ = {isa = PBXBuildFile; fileRef = 7B3348782A39E522000CCD53 /* AgilityVC.swift */; };
		7B4596A42A43502B0012880C /* WisdomVC.swift in Sources */ = {isa = PBXBuildFile; fileRef = 7B4596A32A43502B0012880C /* WisdomVC.swift */; };
		7B4596A62A435FDC0012880C /* CharismaVC.swift in Sources */ = {isa = PBXBuildFile; fileRef = 7B4596A52A435FDC0012880C /* CharismaVC.swift */; };
		7B54F8E52ABDB1E9006B01A5 /* EquipmentVC.swift in Sources */ = {isa = PBXBuildFile; fileRef = 7B54F8E42ABDB1E8006B01A5 /* EquipmentVC.swift */; };
		7B54F8E72ABDB865006B01A5 /* SpellsVC.swift in Sources */ = {isa = PBXBuildFile; fileRef = 7B54F8E62ABDB864006B01A5 /* SpellsVC.swift */; };
		7B8553B02A2BB6A40081AA55 /* SilaVC.swift in Sources */ = {isa = PBXBuildFile; fileRef = 7B8553AF2A2BB6A40081AA55 /* SilaVC.swift */; };
		7B9687332A990D64000A2526 /* Lottie in Frameworks */ = {isa = PBXBuildFile; productRef = 7B9687322A990D64000A2526 /* Lottie */; };
		7B9687362A99272A000A2526 /* red_circle.json in Resources */ = {isa = PBXBuildFile; fileRef = 7B9687342A992729000A2526 /* red_circle.json */; };
		7B9687372A99272A000A2526 /* green_circle.json in Resources */ = {isa = PBXBuildFile; fileRef = 7B9687352A992729000A2526 /* green_circle.json */; };
		7B98AFCC2A97C395003F0A33 /* animation_llpeo0dn.json in Resources */ = {isa = PBXBuildFile; fileRef = 7B98AFCB2A97C395003F0A33 /* animation_llpeo0dn.json */; };
		7B9E86412A9E3C7100A5CCD3 /* AttackVC.swift in Sources */ = {isa = PBXBuildFile; fileRef = 7B9E86402A9E3C7100A5CCD3 /* AttackVC.swift */; };
		7BBF4FAC2A4073F5009CA261 /* ConstVC.swift in Sources */ = {isa = PBXBuildFile; fileRef = 7BBF4FAB2A4073F5009CA261 /* ConstVC.swift */; };
		7BBF4FAE2A407E23009CA261 /* IntellectVC.swift in Sources */ = {isa = PBXBuildFile; fileRef = 7BBF4FAD2A407E23009CA261 /* IntellectVC.swift */; };
/* End PBXBuildFile section */

/* Begin PBXFileReference section */
		7B0341A02A28087C00DFF6FB /* D&D Карточка Игрока.app */ = {isa = PBXFileReference; explicitFileType = wrapper.application; includeInIndex = 0; path = "D&D Карточка Игрока.app"; sourceTree = BUILT_PRODUCTS_DIR; };
		7B0341A32A28087C00DFF6FB /* AppDelegate.swift */ = {isa = PBXFileReference; lastKnownFileType = sourcecode.swift; path = AppDelegate.swift; sourceTree = "<group>"; };
		7B0341A52A28087C00DFF6FB /* SceneDelegate.swift */ = {isa = PBXFileReference; lastKnownFileType = sourcecode.swift; path = SceneDelegate.swift; sourceTree = "<group>"; };
		7B0341AA2A28087C00DFF6FB /* Base */ = {isa = PBXFileReference; lastKnownFileType = file.storyboard; name = Base; path = Base.lproj/Main.storyboard; sourceTree = "<group>"; };
		7B0341AC2A28087E00DFF6FB /* Assets.xcassets */ = {isa = PBXFileReference; lastKnownFileType = folder.assetcatalog; path = Assets.xcassets; sourceTree = "<group>"; };
		7B0341AF2A28087E00DFF6FB /* Base */ = {isa = PBXFileReference; lastKnownFileType = file.storyboard; name = Base; path = Base.lproj/LaunchScreen.storyboard; sourceTree = "<group>"; };
		7B0341B12A28087E00DFF6FB /* Info.plist */ = {isa = PBXFileReference; lastKnownFileType = text.plist.xml; path = Info.plist; sourceTree = "<group>"; };
		7B0341B72A28096600DFF6FB /* MainScreenVC.swift */ = {isa = PBXFileReference; lastKnownFileType = sourcecode.swift; path = MainScreenVC.swift; sourceTree = "<group>"; };
		7B2FB71D2A45D0310047DBF5 /* HpVC.swift */ = {isa = PBXFileReference; lastKnownFileType = sourcecode.swift; path = HpVC.swift; sourceTree = "<group>"; };
		7B3348782A39E522000CCD53 /* AgilityVC.swift */ = {isa = PBXFileReference; lastKnownFileType = sourcecode.swift; path = AgilityVC.swift; sourceTree = "<group>"; };
		7B4596A32A43502B0012880C /* WisdomVC.swift */ = {isa = PBXFileReference; lastKnownFileType = sourcecode.swift; path = WisdomVC.swift; sourceTree = "<group>"; };
		7B4596A52A435FDC0012880C /* CharismaVC.swift */ = {isa = PBXFileReference; lastKnownFileType = sourcecode.swift; path = CharismaVC.swift; sourceTree = "<group>"; };
		7B54F8E42ABDB1E8006B01A5 /* EquipmentVC.swift */ = {isa = PBXFileReference; lastKnownFileType = sourcecode.swift; path = EquipmentVC.swift; sourceTree = "<group>"; };
		7B54F8E62ABDB864006B01A5 /* SpellsVC.swift */ = {isa = PBXFileReference; lastKnownFileType = sourcecode.swift; path = SpellsVC.swift; sourceTree = "<group>"; };
		7B8553AF2A2BB6A40081AA55 /* SilaVC.swift */ = {isa = PBXFileReference; lastKnownFileType = sourcecode.swift; path = SilaVC.swift; sourceTree = "<group>"; };
		7B9687342A992729000A2526 /* red_circle.json */ = {isa = PBXFileReference; fileEncoding = 4; lastKnownFileType = text.json; path = red_circle.json; sourceTree = "<group>"; };
		7B9687352A992729000A2526 /* green_circle.json */ = {isa = PBXFileReference; fileEncoding = 4; lastKnownFileType = text.json; path = green_circle.json; sourceTree = "<group>"; };
		7B98AFCB2A97C395003F0A33 /* animation_llpeo0dn.json */ = {isa = PBXFileReference; fileEncoding = 4; lastKnownFileType = text.json; path = animation_llpeo0dn.json; sourceTree = "<group>"; };
		7B9E86402A9E3C7100A5CCD3 /* AttackVC.swift */ = {isa = PBXFileReference; lastKnownFileType = sourcecode.swift; path = AttackVC.swift; sourceTree = "<group>"; xcLanguageSpecificationIdentifier = xcode.lang.swift; };
		7BBF4FAB2A4073F5009CA261 /* ConstVC.swift */ = {isa = PBXFileReference; lastKnownFileType = sourcecode.swift; path = ConstVC.swift; sourceTree = "<group>"; };
		7BBF4FAD2A407E23009CA261 /* IntellectVC.swift */ = {isa = PBXFileReference; lastKnownFileType = sourcecode.swift; path = IntellectVC.swift; sourceTree = "<group>"; };
/* End PBXFileReference section */

/* Begin PBXFrameworksBuildPhase section */
		7B03419D2A28087C00DFF6FB /* Frameworks */ = {
			isa = PBXFrameworksBuildPhase;
			buildActionMask = 2147483647;
			files = (
				7B9687332A990D64000A2526 /* Lottie in Frameworks */,
			);
			runOnlyForDeploymentPostprocessing = 0;
		};
/* End PBXFrameworksBuildPhase section */

/* Begin PBXGroup section */
		7B0341972A28087C00DFF6FB = {
			isa = PBXGroup;
			children = (
				7B0341A22A28087C00DFF6FB /* D&D Карточка Игрока */,
				7B0341A12A28087C00DFF6FB /* Products */,
				7B9687312A990D06000A2526 /* Frameworks */,
			);
			sourceTree = "<group>";
		};
		7B0341A12A28087C00DFF6FB /* Products */ = {
			isa = PBXGroup;
			children = (
				7B0341A02A28087C00DFF6FB /* D&D Карточка Игрока.app */,
			);
			name = Products;
			sourceTree = "<group>";
		};
		7B0341A22A28087C00DFF6FB /* D&D Карточка Игрока */ = {
			isa = PBXGroup;
			children = (
				7B0341A32A28087C00DFF6FB /* AppDelegate.swift */,
				7B0341A52A28087C00DFF6FB /* SceneDelegate.swift */,
				7B0341B72A28096600DFF6FB /* MainScreenVC.swift */,
				7B0341A92A28087C00DFF6FB /* Main.storyboard */,
				7B0341AC2A28087E00DFF6FB /* Assets.xcassets */,
				7B2FB71D2A45D0310047DBF5 /* HpVC.swift */,
				7B9E863F2A9E3C2900A5CCD3 /* etc */,
				7B8553AC2A2BB5A60081AA55 /* StatsDetail */,
				7B0341AE2A28087E00DFF6FB /* LaunchScreen.storyboard */,
				7B0341B12A28087E00DFF6FB /* Info.plist */,
				7B98AFCA2A97C378003F0A33 /* lottie json */,
			);
			path = "D&D Карточка Игрока";
			sourceTree = "<group>";
		};
		7B8553AC2A2BB5A60081AA55 /* StatsDetail */ = {
			isa = PBXGroup;
			children = (
				7B8553AF2A2BB6A40081AA55 /* SilaVC.swift */,
				7B3348782A39E522000CCD53 /* AgilityVC.swift */,
				7BBF4FAB2A4073F5009CA261 /* ConstVC.swift */,
				7BBF4FAD2A407E23009CA261 /* IntellectVC.swift */,
				7B4596A32A43502B0012880C /* WisdomVC.swift */,
				7B4596A52A435FDC0012880C /* CharismaVC.swift */,
			);
			path = StatsDetail;
			sourceTree = "<group>";
		};
		7B9687312A990D06000A2526 /* Frameworks */ = {
			isa = PBXGroup;
			children = (
			);
			name = Frameworks;
			sourceTree = "<group>";
		};
		7B98AFCA2A97C378003F0A33 /* lottie json */ = {
			isa = PBXGroup;
			children = (
				7B9687352A992729000A2526 /* green_circle.json */,
				7B9687342A992729000A2526 /* red_circle.json */,
				7B98AFCB2A97C395003F0A33 /* animation_llpeo0dn.json */,
			);
			path = "lottie json";
			sourceTree = "<group>";
		};
		7B9E863F2A9E3C2900A5CCD3 /* etc */ = {
			isa = PBXGroup;
			children = (
				7B54F8E42ABDB1E8006B01A5 /* EquipmentVC.swift */,
				7B54F8E62ABDB864006B01A5 /* SpellsVC.swift */,
				7B9E86402A9E3C7100A5CCD3 /* AttackVC.swift */,
			);
			path = etc;
			sourceTree = "<group>";
		};
/* End PBXGroup section */

/* Begin PBXNativeTarget section */
		7B03419F2A28087C00DFF6FB /* D&D Карточка Игрока */ = {
			isa = PBXNativeTarget;
			buildConfigurationList = 7B0341B42A28087E00DFF6FB /* Build configuration list for PBXNativeTarget "D&D Карточка Игрока" */;
			buildPhases = (
				7B03419C2A28087C00DFF6FB /* Sources */,
				7B03419D2A28087C00DFF6FB /* Frameworks */,
				7B03419E2A28087C00DFF6FB /* Resources */,
			);
			buildRules = (
			);
			dependencies = (
			);
			name = "D&D Карточка Игрока";
			packageProductDependencies = (
				7B9687322A990D64000A2526 /* Lottie */,
			);
			productName = "D&D Карточка Игрока";
			productReference = 7B0341A02A28087C00DFF6FB /* D&D Карточка Игрока.app */;
			productType = "com.apple.product-type.application";
		};
/* End PBXNativeTarget section */

/* Begin PBXProject section */
		7B0341982A28087C00DFF6FB /* Project object */ = {
			isa = PBXProject;
			attributes = {
				BuildIndependentTargetsInParallel = 1;
				LastSwiftUpdateCheck = 1420;
				LastUpgradeCheck = 1420;
				TargetAttributes = {
					7B03419F2A28087C00DFF6FB = {
						CreatedOnToolsVersion = 14.2;
					};
				};
			};
			buildConfigurationList = 7B03419B2A28087C00DFF6FB /* Build configuration list for PBXProject "D&D Карточка Игрока" */;
			compatibilityVersion = "Xcode 14.0";
			developmentRegion = en;
			hasScannedForEncodings = 0;
			knownRegions = (
				en,
				Base,
			);
			mainGroup = 7B0341972A28087C00DFF6FB;
			packageReferences = (
				7B98AFC62A97C12D003F0A33 /* XCRemoteSwiftPackageReference "lottie-ios" */,
			);
			productRefGroup = 7B0341A12A28087C00DFF6FB /* Products */;
			projectDirPath = "";
			projectRoot = "";
			targets = (
				7B03419F2A28087C00DFF6FB /* D&D Карточка Игрока */,
			);
		};
/* End PBXProject section */

/* Begin PBXResourcesBuildPhase section */
		7B03419E2A28087C00DFF6FB /* Resources */ = {
			isa = PBXResourcesBuildPhase;
			buildActionMask = 2147483647;
			files = (
				7B98AFCC2A97C395003F0A33 /* animation_llpeo0dn.json in Resources */,
				7B9687372A99272A000A2526 /* green_circle.json in Resources */,
				7B0341B02A28087E00DFF6FB /* LaunchScreen.storyboard in Resources */,
				7B0341AD2A28087E00DFF6FB /* Assets.xcassets in Resources */,
				7B0341AB2A28087C00DFF6FB /* Main.storyboard in Resources */,
				7B9687362A99272A000A2526 /* red_circle.json in Resources */,
			);
			runOnlyForDeploymentPostprocessing = 0;
		};
/* End PBXResourcesBuildPhase section */

/* Begin PBXSourcesBuildPhase section */
		7B03419C2A28087C00DFF6FB /* Sources */ = {
			isa = PBXSourcesBuildPhase;
			buildActionMask = 2147483647;
			files = (
				7B0341B82A28096600DFF6FB /* MainScreenVC.swift in Sources */,
				7B4596A62A435FDC0012880C /* CharismaVC.swift in Sources */,
				7B2FB71E2A45D0310047DBF5 /* HpVC.swift in Sources */,
				7B4596A42A43502B0012880C /* WisdomVC.swift in Sources */,
				7B8553B02A2BB6A40081AA55 /* SilaVC.swift in Sources */,
				7B9E86412A9E3C7100A5CCD3 /* AttackVC.swift in Sources */,
				7B54F8E52ABDB1E9006B01A5 /* EquipmentVC.swift in Sources */,
				7BBF4FAE2A407E23009CA261 /* IntellectVC.swift in Sources */,
				7B0341A42A28087C00DFF6FB /* AppDelegate.swift in Sources */,
				7B3348792A39E522000CCD53 /* AgilityVC.swift in Sources */,
				7B0341A62A28087C00DFF6FB /* SceneDelegate.swift in Sources */,
				7BBF4FAC2A4073F5009CA261 /* ConstVC.swift in Sources */,
				7B54F8E72ABDB865006B01A5 /* SpellsVC.swift in Sources */,
			);
			runOnlyForDeploymentPostprocessing = 0;
		};
/* End PBXSourcesBuildPhase section */

/* Begin PBXVariantGroup section */
		7B0341A92A28087C00DFF6FB /* Main.storyboard */ = {
			isa = PBXVariantGroup;
			children = (
				7B0341AA2A28087C00DFF6FB /* Base */,
			);
			name = Main.storyboard;
			sourceTree = "<group>";
		};
		7B0341AE2A28087E00DFF6FB /* LaunchScreen.storyboard */ = {
			isa = PBXVariantGroup;
			children = (
				7B0341AF2A28087E00DFF6FB /* Base */,
			);
			name = LaunchScreen.storyboard;
			sourceTree = "<group>";
		};
/* End PBXVariantGroup section */

/* Begin XCBuildConfiguration section */
		7B0341B22A28087E00DFF6FB /* Debug */ = {
			isa = XCBuildConfiguration;
			buildSettings = {
				ALWAYS_SEARCH_USER_PATHS = NO;
				CLANG_ANALYZER_NONNULL = YES;
				CLANG_ANALYZER_NUMBER_OBJECT_CONVERSION = YES_AGGRESSIVE;
				CLANG_CXX_LANGUAGE_STANDARD = "gnu++20";
				CLANG_ENABLE_MODULES = YES;
				CLANG_ENABLE_OBJC_ARC = YES;
				CLANG_ENABLE_OBJC_WEAK = YES;
				CLANG_WARN_BLOCK_CAPTURE_AUTORELEASING = YES;
				CLANG_WARN_BOOL_CONVERSION = YES;
				CLANG_WARN_COMMA = YES;
				CLANG_WARN_CONSTANT_CONVERSION = YES;
				CLANG_WARN_DEPRECATED_OBJC_IMPLEMENTATIONS = YES;
				CLANG_WARN_DIRECT_OBJC_ISA_USAGE = YES_ERROR;
				CLANG_WARN_DOCUMENTATION_COMMENTS = YES;
				CLANG_WARN_EMPTY_BODY = YES;
				CLANG_WARN_ENUM_CONVERSION = YES;
				CLANG_WARN_INFINITE_RECURSION = YES;
				CLANG_WARN_INT_CONVERSION = YES;
				CLANG_WARN_NON_LITERAL_NULL_CONVERSION = YES;
				CLANG_WARN_OBJC_IMPLICIT_RETAIN_SELF = YES;
				CLANG_WARN_OBJC_LITERAL_CONVERSION = YES;
				CLANG_WARN_OBJC_ROOT_CLASS = YES_ERROR;
				CLANG_WARN_QUOTED_INCLUDE_IN_FRAMEWORK_HEADER = YES;
				CLANG_WARN_RANGE_LOOP_ANALYSIS = YES;
				CLANG_WARN_STRICT_PROTOTYPES = YES;
				CLANG_WARN_SUSPICIOUS_MOVE = YES;
				CLANG_WARN_UNGUARDED_AVAILABILITY = YES_AGGRESSIVE;
				CLANG_WARN_UNREACHABLE_CODE = YES;
				CLANG_WARN__DUPLICATE_METHOD_MATCH = YES;
				COPY_PHASE_STRIP = NO;
				DEBUG_INFORMATION_FORMAT = dwarf;
				ENABLE_STRICT_OBJC_MSGSEND = YES;
				ENABLE_TESTABILITY = YES;
				GCC_C_LANGUAGE_STANDARD = gnu11;
				GCC_DYNAMIC_NO_PIC = NO;
				GCC_NO_COMMON_BLOCKS = YES;
				GCC_OPTIMIZATION_LEVEL = 0;
				GCC_PREPROCESSOR_DEFINITIONS = (
					"DEBUG=1",
					"$(inherited)",
				);
				GCC_WARN_64_TO_32_BIT_CONVERSION = YES;
				GCC_WARN_ABOUT_RETURN_TYPE = YES_ERROR;
				GCC_WARN_UNDECLARED_SELECTOR = YES;
				GCC_WARN_UNINITIALIZED_AUTOS = YES_AGGRESSIVE;
				GCC_WARN_UNUSED_FUNCTION = YES;
				GCC_WARN_UNUSED_VARIABLE = YES;
				IPHONEOS_DEPLOYMENT_TARGET = 14.0;
				MTL_ENABLE_DEBUG_INFO = INCLUDE_SOURCE;
				MTL_FAST_MATH = YES;
				ONLY_ACTIVE_ARCH = YES;
				SDKROOT = iphoneos;
				SWIFT_ACTIVE_COMPILATION_CONDITIONS = DEBUG;
				SWIFT_OPTIMIZATION_LEVEL = "-Onone";
			};
			name = Debug;
		};
		7B0341B32A28087E00DFF6FB /* Release */ = {
			isa = XCBuildConfiguration;
			buildSettings = {
				ALWAYS_SEARCH_USER_PATHS = NO;
				CLANG_ANALYZER_NONNULL = YES;
				CLANG_ANALYZER_NUMBER_OBJECT_CONVERSION = YES_AGGRESSIVE;
				CLANG_CXX_LANGUAGE_STANDARD = "gnu++20";
				CLANG_ENABLE_MODULES = YES;
				CLANG_ENABLE_OBJC_ARC = YES;
				CLANG_ENABLE_OBJC_WEAK = YES;
				CLANG_WARN_BLOCK_CAPTURE_AUTORELEASING = YES;
				CLANG_WARN_BOOL_CONVERSION = YES;
				CLANG_WARN_COMMA = YES;
				CLANG_WARN_CONSTANT_CONVERSION = YES;
				CLANG_WARN_DEPRECATED_OBJC_IMPLEMENTATIONS = YES;
				CLANG_WARN_DIRECT_OBJC_ISA_USAGE = YES_ERROR;
				CLANG_WARN_DOCUMENTATION_COMMENTS = YES;
				CLANG_WARN_EMPTY_BODY = YES;
				CLANG_WARN_ENUM_CONVERSION = YES;
				CLANG_WARN_INFINITE_RECURSION = YES;
				CLANG_WARN_INT_CONVERSION = YES;
				CLANG_WARN_NON_LITERAL_NULL_CONVERSION = YES;
				CLANG_WARN_OBJC_IMPLICIT_RETAIN_SELF = YES;
				CLANG_WARN_OBJC_LITERAL_CONVERSION = YES;
				CLANG_WARN_OBJC_ROOT_CLASS = YES_ERROR;
				CLANG_WARN_QUOTED_INCLUDE_IN_FRAMEWORK_HEADER = YES;
				CLANG_WARN_RANGE_LOOP_ANALYSIS = YES;
				CLANG_WARN_STRICT_PROTOTYPES = YES;
				CLANG_WARN_SUSPICIOUS_MOVE = YES;
				CLANG_WARN_UNGUARDED_AVAILABILITY = YES_AGGRESSIVE;
				CLANG_WARN_UNREACHABLE_CODE = YES;
				CLANG_WARN__DUPLICATE_METHOD_MATCH = YES;
				COPY_PHASE_STRIP = NO;
				DEBUG_INFORMATION_FORMAT = "dwarf-with-dsym";
				ENABLE_NS_ASSERTIONS = NO;
				ENABLE_STRICT_OBJC_MSGSEND = YES;
				GCC_C_LANGUAGE_STANDARD = gnu11;
				GCC_NO_COMMON_BLOCKS = YES;
				GCC_WARN_64_TO_32_BIT_CONVERSION = YES;
				GCC_WARN_ABOUT_RETURN_TYPE = YES_ERROR;
				GCC_WARN_UNDECLARED_SELECTOR = YES;
				GCC_WARN_UNINITIALIZED_AUTOS = YES_AGGRESSIVE;
				GCC_WARN_UNUSED_FUNCTION = YES;
				GCC_WARN_UNUSED_VARIABLE = YES;
				IPHONEOS_DEPLOYMENT_TARGET = 14.0;
				MTL_ENABLE_DEBUG_INFO = NO;
				MTL_FAST_MATH = YES;
				SDKROOT = iphoneos;
				SWIFT_COMPILATION_MODE = wholemodule;
				SWIFT_OPTIMIZATION_LEVEL = "-O";
				VALIDATE_PRODUCT = YES;
			};
			name = Release;
		};
		7B0341B52A28087E00DFF6FB /* Debug */ = {
			isa = XCBuildConfiguration;
			buildSettings = {
				ASSETCATALOG_COMPILER_GLOBAL_ACCENT_COLOR_NAME = AccentColor;
				ASSETCATALOG_COMPILER_INCLUDE_ALL_APPICON_ASSETS = NO;
				CODE_SIGN_STYLE = Automatic;
				CURRENT_PROJECT_VERSION = 1;
				DEVELOPMENT_TEAM = W89H83NZTM;
				GENERATE_INFOPLIST_FILE = YES;
				INFOPLIST_FILE = "D&D Карточка Игрока/Info.plist";
				INFOPLIST_KEY_UIApplicationSupportsIndirectInputEvents = YES;
				INFOPLIST_KEY_UILaunchStoryboardName = LaunchScreen;
				INFOPLIST_KEY_UIMainStoryboardFile = Main;
				INFOPLIST_KEY_UIRequiresFullScreen = NO;
				INFOPLIST_KEY_UISupportedInterfaceOrientations = UIInterfaceOrientationPortrait;
				IPHONEOS_DEPLOYMENT_TARGET = 14.0;
				LD_RUNPATH_SEARCH_PATHS = (
					"$(inherited)",
					"@executable_path/Frameworks",
				);
				MARKETING_VERSION = 1.0;
				PRODUCT_BUNDLE_IDENTIFIER = "-12233.D-D----------------";
				PRODUCT_NAME = "$(TARGET_NAME)";
				SWIFT_EMIT_LOC_STRINGS = YES;
				SWIFT_VERSION = 5.0;
				TARGETED_DEVICE_FAMILY = "1,2";
			};
			name = Debug;
		};
		7B0341B62A28087E00DFF6FB /* Release */ = {
			isa = XCBuildConfiguration;
			buildSettings = {
				ASSETCATALOG_COMPILER_GLOBAL_ACCENT_COLOR_NAME = AccentColor;
				ASSETCATALOG_COMPILER_INCLUDE_ALL_APPICON_ASSETS = NO;
				CODE_SIGN_STYLE = Automatic;
				CURRENT_PROJECT_VERSION = 1;
				DEVELOPMENT_TEAM = W89H83NZTM;
				GENERATE_INFOPLIST_FILE = YES;
				INFOPLIST_FILE = "D&D Карточка Игрока/Info.plist";
				INFOPLIST_KEY_UIApplicationSupportsIndirectInputEvents = YES;
				INFOPLIST_KEY_UILaunchStoryboardName = LaunchScreen;
				INFOPLIST_KEY_UIMainStoryboardFile = Main;
				INFOPLIST_KEY_UIRequiresFullScreen = NO;
				INFOPLIST_KEY_UISupportedInterfaceOrientations = UIInterfaceOrientationPortrait;
				IPHONEOS_DEPLOYMENT_TARGET = 14.0;
				LD_RUNPATH_SEARCH_PATHS = (
					"$(inherited)",
					"@executable_path/Frameworks",
				);
				MARKETING_VERSION = 1.0;
				PRODUCT_BUNDLE_IDENTIFIER = "-12233.D-D----------------";
				PRODUCT_NAME = "$(TARGET_NAME)";
				SWIFT_EMIT_LOC_STRINGS = YES;
				SWIFT_VERSION = 5.0;
				TARGETED_DEVICE_FAMILY = "1,2";
			};
			name = Release;
		};
/* End XCBuildConfiguration section */

/* Begin XCConfigurationList section */
		7B03419B2A28087C00DFF6FB /* Build configuration list for PBXProject "D&D Карточка Игрока" */ = {
			isa = XCConfigurationList;
			buildConfigurations = (
				7B0341B22A28087E00DFF6FB /* Debug */,
				7B0341B32A28087E00DFF6FB /* Release */,
			);
			defaultConfigurationIsVisible = 0;
			defaultConfigurationName = Release;
		};
		7B0341B42A28087E00DFF6FB /* Build configuration list for PBXNativeTarget "D&D Карточка Игрока" */ = {
			isa = XCConfigurationList;
			buildConfigurations = (
				7B0341B52A28087E00DFF6FB /* Debug */,
				7B0341B62A28087E00DFF6FB /* Release */,
			);
			defaultConfigurationIsVisible = 0;
			defaultConfigurationName = Release;
		};
/* End XCConfigurationList section */

/* Begin XCRemoteSwiftPackageReference section */
		7B98AFC62A97C12D003F0A33 /* XCRemoteSwiftPackageReference "lottie-ios" */ = {
			isa = XCRemoteSwiftPackageReference;
			repositoryURL = "https://github.com/airbnb/lottie-ios";
			requirement = {
				kind = upToNextMajorVersion;
				minimumVersion = 4.0.0;
			};
		};
/* End XCRemoteSwiftPackageReference section */

/* Begin XCSwiftPackageProductDependency section */
		7B9687322A990D64000A2526 /* Lottie */ = {
			isa = XCSwiftPackageProductDependency;
			package = 7B98AFC62A97C12D003F0A33 /* XCRemoteSwiftPackageReference "lottie-ios" */;
			productName = Lottie;
		};
/* End XCSwiftPackageProductDependency section */
	};
	rootObject = 7B0341982A28087C00DFF6FB /* Project object */;
}
